
Microsoft Visual Studio Solution File, Format Version 12.00
# Visual Studio Version 17
VisualStudioVersion = 17.0.31903.59
MinimumVisualStudioVersion = 10.0.40219.1
Project("{9A19103F-16F7-4668-BE54-9A1E7A4F7556}") = "CI Platform", "CI Platform\CI Platform.csproj", "{8FB4674D-4375-448F-A389-5B352FA0E5A0}"
EndProject
Project("{FAE04EC0-301F-11D3-BF4B-00C04F79EFBC}") = "CI Platform Entites", "CI Platform Entites\CI Platform Entites.csproj", "{C8375D21-9297-46E5-B809-41BDB40DBEF2}"
EndProject
Global
	GlobalSection(SolutionConfigurationPlatforms) = preSolution
		Debug|Any CPU = Debug|Any CPU
		Release|Any CPU = Release|Any CPU
	EndGlobalSection
	GlobalSection(ProjectConfigurationPlatforms) = postSolution
		{8FB4674D-4375-448F-A389-5B352FA0E5A0}.Debug|Any CPU.ActiveCfg = Debug|Any CPU
		{8FB4674D-4375-448F-A389-5B352FA0E5A0}.Debug|Any CPU.Build.0 = Debug|Any CPU
		{8FB4674D-4375-448F-A389-5B352FA0E5A0}.Release|Any CPU.ActiveCfg = Release|Any CPU
		{8FB4674D-4375-448F-A389-5B352FA0E5A0}.Release|Any CPU.Build.0 = Release|Any CPU
		{C8375D21-9297-46E5-B809-41BDB40DBEF2}.Debug|Any CPU.ActiveCfg = Debug|Any CPU
		{C8375D21-9297-46E5-B809-41BDB40DBEF2}.Debug|Any CPU.Build.0 = Debug|Any CPU
		{C8375D21-9297-46E5-B809-41BDB40DBEF2}.Release|Any CPU.ActiveCfg = Release|Any CPU
		{C8375D21-9297-46E5-B809-41BDB40DBEF2}.Release|Any CPU.Build.0 = Release|Any CPU
	EndGlobalSection
	GlobalSection(SolutionProperties) = preSolution
		HideSolutionNode = FALSE
	EndGlobalSection
	GlobalSection(ExtensibilityGlobals) = postSolution
		SolutionGuid = {255BF6E0-0070-46DA-8640-89B884A86020}
	EndGlobalSection
EndGlobal
